// !$*UTF8*$!
{
	archiveVersion = 1;
	classes = {
	};
	objectVersion = 56;
	objects = {

/* Begin PBXBuildFile section */
		B0255DC8292CEDBA009FF690 /* Entity.swift in Sources */ = {isa = PBXBuildFile; fileRef = B0255DC7292CEDBA009FF690 /* Entity.swift */; };
		B0255DCA292CEEA5009FF690 /* ProfileViewModel.swift in Sources */ = {isa = PBXBuildFile; fileRef = B0255DC9292CEEA5009FF690 /* ProfileViewModel.swift */; };
		B0255DCC292E13CE009FF690 /* CustomPicker.swift in Sources */ = {isa = PBXBuildFile; fileRef = B0255DCB292E13CE009FF690 /* CustomPicker.swift */; };
		B067D7182925216900BE4EC6 /* BeFake_App.swift in Sources */ = {isa = PBXBuildFile; fileRef = B067D7172925216900BE4EC6 /* BeFake_App.swift */; };
		B067D71A2925216900BE4EC6 /* ContentView.swift in Sources */ = {isa = PBXBuildFile; fileRef = B067D7192925216900BE4EC6 /* ContentView.swift */; };
		B067D71C2925216A00BE4EC6 /* Assets.xcassets in Resources */ = {isa = PBXBuildFile; fileRef = B067D71B2925216A00BE4EC6 /* Assets.xcassets */; };
		B067D7202925216A00BE4EC6 /* Preview Assets.xcassets in Resources */ = {isa = PBXBuildFile; fileRef = B067D71F2925216A00BE4EC6 /* Preview Assets.xcassets */; };
		B067D72A2925216A00BE4EC6 /* BeFake_Tests.swift in Sources */ = {isa = PBXBuildFile; fileRef = B067D7292925216A00BE4EC6 /* BeFake_Tests.swift */; };
		B067D7342925216A00BE4EC6 /* BeFake_UITests.swift in Sources */ = {isa = PBXBuildFile; fileRef = B067D7332925216A00BE4EC6 /* BeFake_UITests.swift */; };
		B067D7362925216A00BE4EC6 /* BeFake_UITestsLaunchTests.swift in Sources */ = {isa = PBXBuildFile; fileRef = B067D7352925216A00BE4EC6 /* BeFake_UITestsLaunchTests.swift */; };
		B067D743292537A000BE4EC6 /* ProfileView.swift in Sources */ = {isa = PBXBuildFile; fileRef = B067D742292537A000BE4EC6 /* ProfileView.swift */; };
		B067D74529253E9100BE4EC6 /* ModalView.swift in Sources */ = {isa = PBXBuildFile; fileRef = B067D74429253E9100BE4EC6 /* ModalView.swift */; };
		B067D74729254F6E00BE4EC6 /* FriendsView.swift in Sources */ = {isa = PBXBuildFile; fileRef = B067D74629254F6E00BE4EC6 /* FriendsView.swift */; };
		B067D7492926485900BE4EC6 /* MyBeRealView.swift in Sources */ = {isa = PBXBuildFile; fileRef = B067D7482926485900BE4EC6 /* MyBeRealView.swift */; };
/* End PBXBuildFile section */

/* Begin PBXContainerItemProxy section */
		B067D7262925216A00BE4EC6 /* PBXContainerItemProxy */ = {
			isa = PBXContainerItemProxy;
			containerPortal = B067D70C2925216900BE4EC6 /* Project object */;
			proxyType = 1;
			remoteGlobalIDString = B067D7132925216900BE4EC6;
			remoteInfo = BeFake.;
		};
		B067D7302925216A00BE4EC6 /* PBXContainerItemProxy */ = {
			isa = PBXContainerItemProxy;
			containerPortal = B067D70C2925216900BE4EC6 /* Project object */;
			proxyType = 1;
			remoteGlobalIDString = B067D7132925216900BE4EC6;
			remoteInfo = BeFake.;
		};
/* End PBXContainerItemProxy section */

/* Begin PBXFileReference section */
		B0255DC7292CEDBA009FF690 /* Entity.swift */ = {isa = PBXFileReference; lastKnownFileType = sourcecode.swift; path = Entity.swift; sourceTree = "<group>"; };
		B0255DC9292CEEA5009FF690 /* ProfileViewModel.swift */ = {isa = PBXFileReference; lastKnownFileType = sourcecode.swift; path = ProfileViewModel.swift; sourceTree = "<group>"; };
		B0255DCB292E13CE009FF690 /* CustomPicker.swift */ = {isa = PBXFileReference; lastKnownFileType = sourcecode.swift; path = CustomPicker.swift; sourceTree = "<group>"; };
		B067D7142925216900BE4EC6 /* BeFake..app */ = {isa = PBXFileReference; explicitFileType = wrapper.application; includeInIndex = 0; path = BeFake..app; sourceTree = BUILT_PRODUCTS_DIR; };
		B067D7172925216900BE4EC6 /* BeFake_App.swift */ = {isa = PBXFileReference; lastKnownFileType = sourcecode.swift; path = BeFake_App.swift; sourceTree = "<group>"; };
		B067D7192925216900BE4EC6 /* ContentView.swift */ = {isa = PBXFileReference; lastKnownFileType = sourcecode.swift; path = ContentView.swift; sourceTree = "<group>"; };
		B067D71B2925216A00BE4EC6 /* Assets.xcassets */ = {isa = PBXFileReference; lastKnownFileType = folder.assetcatalog; path = Assets.xcassets; sourceTree = "<group>"; };
		B067D71D2925216A00BE4EC6 /* BeFake_.entitlements */ = {isa = PBXFileReference; lastKnownFileType = text.plist.entitlements; path = BeFake_.entitlements; sourceTree = "<group>"; };
		B067D71F2925216A00BE4EC6 /* Preview Assets.xcassets */ = {isa = PBXFileReference; lastKnownFileType = folder.assetcatalog; path = "Preview Assets.xcassets"; sourceTree = "<group>"; };
		B067D7252925216A00BE4EC6 /* BeFake.Tests.xctest */ = {isa = PBXFileReference; explicitFileType = wrapper.cfbundle; includeInIndex = 0; path = BeFake.Tests.xctest; sourceTree = BUILT_PRODUCTS_DIR; };
		B067D7292925216A00BE4EC6 /* BeFake_Tests.swift */ = {isa = PBXFileReference; lastKnownFileType = sourcecode.swift; path = BeFake_Tests.swift; sourceTree = "<group>"; };
		B067D72F2925216A00BE4EC6 /* BeFake.UITests.xctest */ = {isa = PBXFileReference; explicitFileType = wrapper.cfbundle; includeInIndex = 0; path = BeFake.UITests.xctest; sourceTree = BUILT_PRODUCTS_DIR; };
		B067D7332925216A00BE4EC6 /* BeFake_UITests.swift */ = {isa = PBXFileReference; lastKnownFileType = sourcecode.swift; path = BeFake_UITests.swift; sourceTree = "<group>"; };
		B067D7352925216A00BE4EC6 /* BeFake_UITestsLaunchTests.swift */ = {isa = PBXFileReference; lastKnownFileType = sourcecode.swift; path = BeFake_UITestsLaunchTests.swift; sourceTree = "<group>"; };
		B067D742292537A000BE4EC6 /* ProfileView.swift */ = {isa = PBXFileReference; lastKnownFileType = sourcecode.swift; path = ProfileView.swift; sourceTree = "<group>"; };
		B067D74429253E9100BE4EC6 /* ModalView.swift */ = {isa = PBXFileReference; lastKnownFileType = sourcecode.swift; path = ModalView.swift; sourceTree = "<group>"; };
		B067D74629254F6E00BE4EC6 /* FriendsView.swift */ = {isa = PBXFileReference; lastKnownFileType = sourcecode.swift; path = FriendsView.swift; sourceTree = "<group>"; };
		B067D7482926485900BE4EC6 /* MyBeRealView.swift */ = {isa = PBXFileReference; lastKnownFileType = sourcecode.swift; path = MyBeRealView.swift; sourceTree = "<group>"; };
/* End PBXFileReference section */

/* Begin PBXFrameworksBuildPhase section */
		B067D7112925216900BE4EC6 /* Frameworks */ = {
			isa = PBXFrameworksBuildPhase;
			buildActionMask = 2147483647;
			files = (
			);
			runOnlyForDeploymentPostprocessing = 0;
		};
		B067D7222925216A00BE4EC6 /* Frameworks */ = {
			isa = PBXFrameworksBuildPhase;
			buildActionMask = 2147483647;
			files = (
			);
			runOnlyForDeploymentPostprocessing = 0;
		};
		B067D72C2925216A00BE4EC6 /* Frameworks */ = {
			isa = PBXFrameworksBuildPhase;
			buildActionMask = 2147483647;
			files = (
			);
			runOnlyForDeploymentPostprocessing = 0;
		};
/* End PBXFrameworksBuildPhase section */

/* Begin PBXGroup section */
		B067D70B2925216900BE4EC6 = {
			isa = PBXGroup;
			children = (
				B067D7162925216900BE4EC6 /* BeFake. */,
				B067D7282925216A00BE4EC6 /* BeFake.Tests */,
				B067D7322925216A00BE4EC6 /* BeFake.UITests */,
				B067D7152925216900BE4EC6 /* Products */,
			);
			sourceTree = "<group>";
		};
		B067D7152925216900BE4EC6 /* Products */ = {
			isa = PBXGroup;
			children = (
				B067D7142925216900BE4EC6 /* BeFake..app */,
				B067D7252925216A00BE4EC6 /* BeFake.Tests.xctest */,
				B067D72F2925216A00BE4EC6 /* BeFake.UITests.xctest */,
			);
			name = Products;
			sourceTree = "<group>";
		};
		B067D7162925216900BE4EC6 /* BeFake. */ = {
			isa = PBXGroup;
			children = (
				B067D7172925216900BE4EC6 /* BeFake_App.swift */,
				B067D7192925216900BE4EC6 /* ContentView.swift */,
				B0255DCB292E13CE009FF690 /* CustomPicker.swift */,
				B067D7482926485900BE4EC6 /* MyBeRealView.swift */,
				B067D742292537A000BE4EC6 /* ProfileView.swift */,
				B067D74429253E9100BE4EC6 /* ModalView.swift */,
				B067D74629254F6E00BE4EC6 /* FriendsView.swift */,
				B0255DC9292CEEA5009FF690 /* ProfileViewModel.swift */,
				B0255DC7292CEDBA009FF690 /* Entity.swift */,
				B067D71B2925216A00BE4EC6 /* Assets.xcassets */,
				B067D71D2925216A00BE4EC6 /* BeFake_.entitlements */,
				B067D71E2925216A00BE4EC6 /* Preview Content */,
			);
			path = BeFake.;
			sourceTree = "<group>";
		};
		B067D71E2925216A00BE4EC6 /* Preview Content */ = {
			isa = PBXGroup;
			children = (
				B067D71F2925216A00BE4EC6 /* Preview Assets.xcassets */,
			);
			path = "Preview Content";
			sourceTree = "<group>";
		};
		B067D7282925216A00BE4EC6 /* BeFake.Tests */ = {
			isa = PBXGroup;
			children = (
				B067D7292925216A00BE4EC6 /* BeFake_Tests.swift */,
			);
			path = BeFake.Tests;
			sourceTree = "<group>";
		};
		B067D7322925216A00BE4EC6 /* BeFake.UITests */ = {
			isa = PBXGroup;
			children = (
				B067D7332925216A00BE4EC6 /* BeFake_UITests.swift */,
				B067D7352925216A00BE4EC6 /* BeFake_UITestsLaunchTests.swift */,
			);
			path = BeFake.UITests;
			sourceTree = "<group>";
		};
/* End PBXGroup section */

/* Begin PBXNativeTarget section */
		B067D7132925216900BE4EC6 /* BeFake. */ = {
			isa = PBXNativeTarget;
			buildConfigurationList = B067D7392925216A00BE4EC6 /* Build configuration list for PBXNativeTarget "BeFake." */;
			buildPhases = (
				B067D7102925216900BE4EC6 /* Sources */,
				B067D7112925216900BE4EC6 /* Frameworks */,
				B067D7122925216900BE4EC6 /* Resources */,
			);
			buildRules = (
			);
			dependencies = (
			);
			name = BeFake.;
			productName = BeFake.;
			productReference = B067D7142925216900BE4EC6 /* BeFake..app */;
			productType = "com.apple.product-type.application";
		};
		B067D7242925216A00BE4EC6 /* BeFake.Tests */ = {
			isa = PBXNativeTarget;
			buildConfigurationList = B067D73C2925216A00BE4EC6 /* Build configuration list for PBXNativeTarget "BeFake.Tests" */;
			buildPhases = (
				B067D7212925216A00BE4EC6 /* Sources */,
				B067D7222925216A00BE4EC6 /* Frameworks */,
				B067D7232925216A00BE4EC6 /* Resources */,
			);
			buildRules = (
			);
			dependencies = (
				B067D7272925216A00BE4EC6 /* PBXTargetDependency */,
			);
			name = BeFake.Tests;
			productName = BeFake.Tests;
			productReference = B067D7252925216A00BE4EC6 /* BeFake.Tests.xctest */;
			productType = "com.apple.product-type.bundle.unit-test";
		};
		B067D72E2925216A00BE4EC6 /* BeFake.UITests */ = {
			isa = PBXNativeTarget;
			buildConfigurationList = B067D73F2925216A00BE4EC6 /* Build configuration list for PBXNativeTarget "BeFake.UITests" */;
			buildPhases = (
				B067D72B2925216A00BE4EC6 /* Sources */,
				B067D72C2925216A00BE4EC6 /* Frameworks */,
				B067D72D2925216A00BE4EC6 /* Resources */,
			);
			buildRules = (
			);
			dependencies = (
				B067D7312925216A00BE4EC6 /* PBXTargetDependency */,
			);
			name = BeFake.UITests;
			productName = BeFake.UITests;
			productReference = B067D72F2925216A00BE4EC6 /* BeFake.UITests.xctest */;
			productType = "com.apple.product-type.bundle.ui-testing";
		};
/* End PBXNativeTarget section */

/* Begin PBXProject section */
		B067D70C2925216900BE4EC6 /* Project object */ = {
			isa = PBXProject;
			attributes = {
				BuildIndependentTargetsInParallel = 1;
				LastSwiftUpdateCheck = 1410;
				LastUpgradeCheck = 1410;
				TargetAttributes = {
					B067D7132925216900BE4EC6 = {
						CreatedOnToolsVersion = 14.1;
					};
					B067D7242925216A00BE4EC6 = {
						CreatedOnToolsVersion = 14.1;
						TestTargetID = B067D7132925216900BE4EC6;
					};
					B067D72E2925216A00BE4EC6 = {
						CreatedOnToolsVersion = 14.1;
						TestTargetID = B067D7132925216900BE4EC6;
					};
				};
			};
			buildConfigurationList = B067D70F2925216900BE4EC6 /* Build configuration list for PBXProject "BeFake." */;
			compatibilityVersion = "Xcode 14.0";
			developmentRegion = en;
			hasScannedForEncodings = 0;
			knownRegions = (
				en,
				Base,
			);
			mainGroup = B067D70B2925216900BE4EC6;
			productRefGroup = B067D7152925216900BE4EC6 /* Products */;
			projectDirPath = "";
			projectRoot = "";
			targets = (
				B067D7132925216900BE4EC6 /* BeFake. */,
				B067D7242925216A00BE4EC6 /* BeFake.Tests */,
				B067D72E2925216A00BE4EC6 /* BeFake.UITests */,
			);
		};
/* End PBXProject section */

/* Begin PBXResourcesBuildPhase section */
		B067D7122925216900BE4EC6 /* Resources */ = {
			isa = PBXResourcesBuildPhase;
			buildActionMask = 2147483647;
			files = (
				B067D7202925216A00BE4EC6 /* Preview Assets.xcassets in Resources */,
				B067D71C2925216A00BE4EC6 /* Assets.xcassets in Resources */,
			);
			runOnlyForDeploymentPostprocessing = 0;
		};
		B067D7232925216A00BE4EC6 /* Resources */ = {
			isa = PBXResourcesBuildPhase;
			buildActionMask = 2147483647;
			files = (
			);
			runOnlyForDeploymentPostprocessing = 0;
		};
		B067D72D2925216A00BE4EC6 /* Resources */ = {
			isa = PBXResourcesBuildPhase;
			buildActionMask = 2147483647;
			files = (
			);
			runOnlyForDeploymentPostprocessing = 0;
		};
/* End PBXResourcesBuildPhase section */

/* Begin PBXSourcesBuildPhase section */
		B067D7102925216900BE4EC6 /* Sources */ = {
			isa = PBXSourcesBuildPhase;
			buildActionMask = 2147483647;
			files = (
				B067D74729254F6E00BE4EC6 /* FriendsView.swift in Sources */,
				B067D7492926485900BE4EC6 /* MyBeRealView.swift in Sources */,
				B0255DC8292CEDBA009FF690 /* Entity.swift in Sources */,
				B067D71A2925216900BE4EC6 /* ContentView.swift in Sources */,
				B067D743292537A000BE4EC6 /* ProfileView.swift in Sources */,
				B067D7182925216900BE4EC6 /* BeFake_App.swift in Sources */,
				B0255DCA292CEEA5009FF690 /* ProfileViewModel.swift in Sources */,
				B067D74529253E9100BE4EC6 /* ModalView.swift in Sources */,
				B0255DCC292E13CE009FF690 /* CustomPicker.swift in Sources */,
			);
			runOnlyForDeploymentPostprocessing = 0;
		};
		B067D7212925216A00BE4EC6 /* Sources */ = {
			isa = PBXSourcesBuildPhase;
			buildActionMask = 2147483647;
			files = (
				B067D72A2925216A00BE4EC6 /* BeFake_Tests.swift in Sources */,
			);
			runOnlyForDeploymentPostprocessing = 0;
		};
		B067D72B2925216A00BE4EC6 /* Sources */ = {
			isa = PBXSourcesBuildPhase;
			buildActionMask = 2147483647;
			files = (
				B067D7362925216A00BE4EC6 /* BeFake_UITestsLaunchTests.swift in Sources */,
				B067D7342925216A00BE4EC6 /* BeFake_UITests.swift in Sources */,
			);
			runOnlyForDeploymentPostprocessing = 0;
		};
/* End PBXSourcesBuildPhase section */

/* Begin PBXTargetDependency section */
		B067D7272925216A00BE4EC6 /* PBXTargetDependency */ = {
			isa = PBXTargetDependency;
			target = B067D7132925216900BE4EC6 /* BeFake. */;
			targetProxy = B067D7262925216A00BE4EC6 /* PBXContainerItemProxy */;
		};
		B067D7312925216A00BE4EC6 /* PBXTargetDependency */ = {
			isa = PBXTargetDependency;
			target = B067D7132925216900BE4EC6 /* BeFake. */;
			targetProxy = B067D7302925216A00BE4EC6 /* PBXContainerItemProxy */;
		};
/* End PBXTargetDependency section */

/* Begin XCBuildConfiguration section */
		B067D7372925216A00BE4EC6 /* Debug */ = {
			isa = XCBuildConfiguration;
			buildSettings = {
				ALWAYS_SEARCH_USER_PATHS = NO;
				CLANG_ANALYZER_NONNULL = YES;
				CLANG_ANALYZER_NUMBER_OBJECT_CONVERSION = YES_AGGRESSIVE;
				CLANG_CXX_LANGUAGE_STANDARD = "gnu++20";
				CLANG_ENABLE_MODULES = YES;
				CLANG_ENABLE_OBJC_ARC = YES;
				CLANG_ENABLE_OBJC_WEAK = YES;
				CLANG_WARN_BLOCK_CAPTURE_AUTORELEASING = YES;
				CLANG_WARN_BOOL_CONVERSION = YES;
				CLANG_WARN_COMMA = YES;
				CLANG_WARN_CONSTANT_CONVERSION = YES;
				CLANG_WARN_DEPRECATED_OBJC_IMPLEMENTATIONS = YES;
				CLANG_WARN_DIRECT_OBJC_ISA_USAGE = YES_ERROR;
				CLANG_WARN_DOCUMENTATION_COMMENTS = YES;
				CLANG_WARN_EMPTY_BODY = YES;
				CLANG_WARN_ENUM_CONVERSION = YES;
				CLANG_WARN_INFINITE_RECURSION = YES;
				CLANG_WARN_INT_CONVERSION = YES;
				CLANG_WARN_NON_LITERAL_NULL_CONVERSION = YES;
				CLANG_WARN_OBJC_IMPLICIT_RETAIN_SELF = YES;
				CLANG_WARN_OBJC_LITERAL_CONVERSION = YES;
				CLANG_WARN_OBJC_ROOT_CLASS = YES_ERROR;
				CLANG_WARN_QUOTED_INCLUDE_IN_FRAMEWORK_HEADER = YES;
				CLANG_WARN_RANGE_LOOP_ANALYSIS = YES;
				CLANG_WARN_STRICT_PROTOTYPES = YES;
				CLANG_WARN_SUSPICIOUS_MOVE = YES;
				CLANG_WARN_UNGUARDED_AVAILABILITY = YES_AGGRESSIVE;
				CLANG_WARN_UNREACHABLE_CODE = YES;
				CLANG_WARN__DUPLICATE_METHOD_MATCH = YES;
				COPY_PHASE_STRIP = NO;
				DEBUG_INFORMATION_FORMAT = dwarf;
				ENABLE_STRICT_OBJC_MSGSEND = YES;
				ENABLE_TESTABILITY = YES;
				GCC_C_LANGUAGE_STANDARD = gnu11;
				GCC_DYNAMIC_NO_PIC = NO;
				GCC_NO_COMMON_BLOCKS = YES;
				GCC_OPTIMIZATION_LEVEL = 0;
				GCC_PREPROCESSOR_DEFINITIONS = (
					"DEBUG=1",
					"$(inherited)",
				);
				GCC_WARN_64_TO_32_BIT_CONVERSION = YES;
				GCC_WARN_ABOUT_RETURN_TYPE = YES_ERROR;
				GCC_WARN_UNDECLARED_SELECTOR = YES;
				GCC_WARN_UNINITIALIZED_AUTOS = YES_AGGRESSIVE;
				GCC_WARN_UNUSED_FUNCTION = YES;
				GCC_WARN_UNUSED_VARIABLE = YES;
				MTL_ENABLE_DEBUG_INFO = INCLUDE_SOURCE;
				MTL_FAST_MATH = YES;
				ONLY_ACTIVE_ARCH = YES;
				SWIFT_ACTIVE_COMPILATION_CONDITIONS = DEBUG;
				SWIFT_OPTIMIZATION_LEVEL = "-Onone";
			};
			name = Debug;
		};
		B067D7382925216A00BE4EC6 /* Release */ = {
			isa = XCBuildConfiguration;
			buildSettings = {
				ALWAYS_SEARCH_USER_PATHS = NO;
				CLANG_ANALYZER_NONNULL = YES;
				CLANG_ANALYZER_NUMBER_OBJECT_CONVERSION = YES_AGGRESSIVE;
				CLANG_CXX_LANGUAGE_STANDARD = "gnu++20";
				CLANG_ENABLE_MODULES = YES;
				CLANG_ENABLE_OBJC_ARC = YES;
				CLANG_ENABLE_OBJC_WEAK = YES;
				CLANG_WARN_BLOCK_CAPTURE_AUTORELEASING = YES;
				CLANG_WARN_BOOL_CONVERSION = YES;
				CLANG_WARN_COMMA = YES;
				CLANG_WARN_CONSTANT_CONVERSION = YES;
				CLANG_WARN_DEPRECATED_OBJC_IMPLEMENTATIONS = YES;
				CLANG_WARN_DIRECT_OBJC_ISA_USAGE = YES_ERROR;
				CLANG_WARN_DOCUMENTATION_COMMENTS = YES;
				CLANG_WARN_EMPTY_BODY = YES;
				CLANG_WARN_ENUM_CONVERSION = YES;
				CLANG_WARN_INFINITE_RECURSION = YES;
				CLANG_WARN_INT_CONVERSION = YES;
				CLANG_WARN_NON_LITERAL_NULL_CONVERSION = YES;
				CLANG_WARN_OBJC_IMPLICIT_RETAIN_SELF = YES;
				CLANG_WARN_OBJC_LITERAL_CONVERSION = YES;
				CLANG_WARN_OBJC_ROOT_CLASS = YES_ERROR;
				CLANG_WARN_QUOTED_INCLUDE_IN_FRAMEWORK_HEADER = YES;
				CLANG_WARN_RANGE_LOOP_ANALYSIS = YES;
				CLANG_WARN_STRICT_PROTOTYPES = YES;
				CLANG_WARN_SUSPICIOUS_MOVE = YES;
				CLANG_WARN_UNGUARDED_AVAILABILITY = YES_AGGRESSIVE;
				CLANG_WARN_UNREACHABLE_CODE = YES;
				CLANG_WARN__DUPLICATE_METHOD_MATCH = YES;
				COPY_PHASE_STRIP = NO;
				DEBUG_INFORMATION_FORMAT = "dwarf-with-dsym";
				ENABLE_NS_ASSERTIONS = NO;
				ENABLE_STRICT_OBJC_MSGSEND = YES;
				GCC_C_LANGUAGE_STANDARD = gnu11;
				GCC_NO_COMMON_BLOCKS = YES;
				GCC_WARN_64_TO_32_BIT_CONVERSION = YES;
				GCC_WARN_ABOUT_RETURN_TYPE = YES_ERROR;
				GCC_WARN_UNDECLARED_SELECTOR = YES;
				GCC_WARN_UNINITIALIZED_AUTOS = YES_AGGRESSIVE;
				GCC_WARN_UNUSED_FUNCTION = YES;
				GCC_WARN_UNUSED_VARIABLE = YES;
				MTL_ENABLE_DEBUG_INFO = NO;
				MTL_FAST_MATH = YES;
				SWIFT_COMPILATION_MODE = wholemodule;
				SWIFT_OPTIMIZATION_LEVEL = "-O";
			};
			name = Release;
		};
		B067D73A2925216A00BE4EC6 /* Debug */ = {
			isa = XCBuildConfiguration;
			buildSettings = {
				ASSETCATALOG_COMPILER_APPICON_NAME = AppIcon;
				ASSETCATALOG_COMPILER_GLOBAL_ACCENT_COLOR_NAME = AccentColor;
				CODE_SIGN_ENTITLEMENTS = BeFake./BeFake_.entitlements;
				CODE_SIGN_STYLE = Automatic;
				CURRENT_PROJECT_VERSION = 1;
				DEVELOPMENT_ASSET_PATHS = "\"BeFake./Preview Content\"";
				DEVELOPMENT_TEAM = CUC8KL5R94;
				ENABLE_HARDENED_RUNTIME = YES;
				ENABLE_PREVIEWS = YES;
				GENERATE_INFOPLIST_FILE = YES;
				INFOPLIST_KEY_NSCameraUsageDescription = ciao;
				"INFOPLIST_KEY_UIApplicationSceneManifest_Generation[sdk=iphoneos*]" = YES;
				"INFOPLIST_KEY_UIApplicationSceneManifest_Generation[sdk=iphonesimulator*]" = YES;
				"INFOPLIST_KEY_UIApplicationSupportsIndirectInputEvents[sdk=iphoneos*]" = YES;
				"INFOPLIST_KEY_UIApplicationSupportsIndirectInputEvents[sdk=iphonesimulator*]" = YES;
				"INFOPLIST_KEY_UILaunchScreen_Generation[sdk=iphoneos*]" = YES;
				"INFOPLIST_KEY_UILaunchScreen_Generation[sdk=iphonesimulator*]" = YES;
				"INFOPLIST_KEY_UIStatusBarStyle[sdk=iphoneos*]" = UIStatusBarStyleDefault;
				"INFOPLIST_KEY_UIStatusBarStyle[sdk=iphonesimulator*]" = UIStatusBarStyleDefault;
				IPHONEOS_DEPLOYMENT_TARGET = 16.1;
				LD_RUNPATH_SEARCH_PATHS = "@executable_path/Frameworks";
				"LD_RUNPATH_SEARCH_PATHS[sdk=macosx*]" = "@executable_path/../Frameworks";
				MACOSX_DEPLOYMENT_TARGET = 13.0;
				MARKETING_VERSION = 1.0;
				PRODUCT_BUNDLE_IDENTIFIER = "interface.BeFake-";
				PRODUCT_NAME = "$(TARGET_NAME)";
				SDKROOT = auto;
				SUPPORTED_PLATFORMS = "iphoneos iphonesimulator macosx";
				SWIFT_EMIT_LOC_STRINGS = YES;
				SWIFT_VERSION = 5.0;
				TARGETED_DEVICE_FAMILY = "1,2";
			};
			name = Debug;
		};
		B067D73B2925216A00BE4EC6 /* Release */ = {
			isa = XCBuildConfiguration;
			buildSettings = {
				ASSETCATALOG_COMPILER_APPICON_NAME = AppIcon;
				ASSETCATALOG_COMPILER_GLOBAL_ACCENT_COLOR_NAME = AccentColor;
				CODE_SIGN_ENTITLEMENTS = BeFake./BeFake_.entitlements;
				CODE_SIGN_STYLE = Automatic;
				CURRENT_PROJECT_VERSION = 1;
				DEVELOPMENT_ASSET_PATHS = "\"BeFake./Preview Content\"";
				DEVELOPMENT_TEAM = CUC8KL5R94;
				ENABLE_HARDENED_RUNTIME = YES;
				ENABLE_PREVIEWS = YES;
				GENERATE_INFOPLIST_FILE = YES;
				INFOPLIST_KEY_NSCameraUsageDescription = ciao;
				"INFOPLIST_KEY_UIApplicationSceneManifest_Generation[sdk=iphoneos*]" = YES;
				"INFOPLIST_KEY_UIApplicationSceneManifest_Generation[sdk=iphonesimulator*]" = YES;
				"INFOPLIST_KEY_UIApplicationSupportsIndirectInputEvents[sdk=iphoneos*]" = YES;
				"INFOPLIST_KEY_UIApplicationSupportsIndirectInputEvents[sdk=iphonesimulator*]" = YES;
				"INFOPLIST_KEY_UILaunchScreen_Generation[sdk=iphoneos*]" = YES;
				"INFOPLIST_KEY_UILaunchScreen_Generation[sdk=iphonesimulator*]" = YES;
				"INFOPLIST_KEY_UIStatusBarStyle[sdk=iphoneos*]" = UIStatusBarStyleDefault;
				"INFOPLIST_KEY_UIStatusBarStyle[sdk=iphonesimulator*]" = UIStatusBarStyleDefault;
				IPHONEOS_DEPLOYMENT_TARGET = 16.1;
				LD_RUNPATH_SEARCH_PATHS = "@executable_path/Frameworks";
				"LD_RUNPATH_SEARCH_PATHS[sdk=macosx*]" = "@executable_path/../Frameworks";
				MACOSX_DEPLOYMENT_TARGET = 13.0;
				MARKETING_VERSION = 1.0;
				PRODUCT_BUNDLE_IDENTIFIER = "interface.BeFake-";
				PRODUCT_NAME = "$(TARGET_NAME)";
				SDKROOT = auto;
				SUPPORTED_PLATFORMS = "iphoneos iphonesimulator macosx";
				SWIFT_EMIT_LOC_STRINGS = YES;
				SWIFT_VERSION = 5.0;
				TARGETED_DEVICE_FAMILY = "1,2";
			};
			name = Release;
		};
		B067D73D2925216A00BE4EC6 /* Debug */ = {
			isa = XCBuildConfiguration;
			buildSettings = {
				ALWAYS_EMBED_SWIFT_STANDARD_LIBRARIES = YES;
				BUNDLE_LOADER = "$(TEST_HOST)";
				CODE_SIGN_STYLE = Automatic;
				CURRENT_PROJECT_VERSION = 1;
				DEVELOPMENT_TEAM = CUC8KL5R94;
				GENERATE_INFOPLIST_FILE = YES;
				IPHONEOS_DEPLOYMENT_TARGET = 16.1;
				MACOSX_DEPLOYMENT_TARGET = 13.0;
				MARKETING_VERSION = 1.0;
				PRODUCT_BUNDLE_IDENTIFIER = "interface.BeFake-Tests";
				PRODUCT_NAME = "$(TARGET_NAME)";
				SDKROOT = auto;
				SUPPORTED_PLATFORMS = "iphoneos iphonesimulator macosx";
				SWIFT_EMIT_LOC_STRINGS = NO;
				SWIFT_VERSION = 5.0;
				TARGETED_DEVICE_FAMILY = "1,2";
				TEST_HOST = "$(BUILT_PRODUCTS_DIR)/BeFake..app/$(BUNDLE_EXECUTABLE_FOLDER_PATH)/BeFake.";
			};
			name = Debug;
		};
		B067D73E2925216A00BE4EC6 /* Release */ = {
			isa = XCBuildConfiguration;
			buildSettings = {
				ALWAYS_EMBED_SWIFT_STANDARD_LIBRARIES = YES;
				BUNDLE_LOADER = "$(TEST_HOST)";
				CODE_SIGN_STYLE = Automatic;
				CURRENT_PROJECT_VERSION = 1;
				DEVELOPMENT_TEAM = CUC8KL5R94;
				GENERATE_INFOPLIST_FILE = YES;
				IPHONEOS_DEPLOYMENT_TARGET = 16.1;
				MACOSX_DEPLOYMENT_TARGET = 13.0;
				MARKETING_VERSION = 1.0;
				PRODUCT_BUNDLE_IDENTIFIER = "interface.BeFake-Tests";
				PRODUCT_NAME = "$(TARGET_NAME)";
				SDKROOT = auto;
				SUPPORTED_PLATFORMS = "iphoneos iphonesimulator macosx";
				SWIFT_EMIT_LOC_STRINGS = NO;
				SWIFT_VERSION = 5.0;
				TARGETED_DEVICE_FAMILY = "1,2";
				TEST_HOST = "$(BUILT_PRODUCTS_DIR)/BeFake..app/$(BUNDLE_EXECUTABLE_FOLDER_PATH)/BeFake.";
			};
			name = Release;
		};
		B067D7402925216A00BE4EC6 /* Debug */ = {
			isa = XCBuildConfiguration;
			buildSettings = {
				ALWAYS_EMBED_SWIFT_STANDARD_LIBRARIES = YES;
				CODE_SIGN_STYLE = Automatic;
				CURRENT_PROJECT_VERSION = 1;
				DEVELOPMENT_TEAM = CUC8KL5R94;
				GENERATE_INFOPLIST_FILE = YES;
				IPHONEOS_DEPLOYMENT_TARGET = 16.1;
				MACOSX_DEPLOYMENT_TARGET = 13.0;
				MARKETING_VERSION = 1.0;
				PRODUCT_BUNDLE_IDENTIFIER = "interface.BeFake-UITests";
				PRODUCT_NAME = "$(TARGET_NAME)";
				SDKROOT = auto;
				SUPPORTED_PLATFORMS = "iphoneos iphonesimulator macosx";
				SWIFT_EMIT_LOC_STRINGS = NO;
				SWIFT_VERSION = 5.0;
				TARGETED_DEVICE_FAMILY = "1,2";
				TEST_TARGET_NAME = BeFake.;
			};
			name = Debug;
		};
		B067D7412925216A00BE4EC6 /* Release */ = {
			isa = XCBuildConfiguration;
			buildSettings = {
				ALWAYS_EMBED_SWIFT_STANDARD_LIBRARIES = YES;
				CODE_SIGN_STYLE = Automatic;
				CURRENT_PROJECT_VERSION = 1;
				DEVELOPMENT_TEAM = CUC8KL5R94;
				GENERATE_INFOPLIST_FILE = YES;
				IPHONEOS_DEPLOYMENT_TARGET = 16.1;
				MACOSX_DEPLOYMENT_TARGET = 13.0;
				MARKETING_VERSION = 1.0;
				PRODUCT_BUNDLE_IDENTIFIER = "interface.BeFake-UITests";
				PRODUCT_NAME = "$(TARGET_NAME)";
				SDKROOT = auto;
				SUPPORTED_PLATFORMS = "iphoneos iphonesimulator macosx";
				SWIFT_EMIT_LOC_STRINGS = NO;
				SWIFT_VERSION = 5.0;
				TARGETED_DEVICE_FAMILY = "1,2";
				TEST_TARGET_NAME = BeFake.;
			};
			name = Release;
		};
/* End XCBuildConfiguration section */

/* Begin XCConfigurationList section */
		B067D70F2925216900BE4EC6 /* Build configuration list for PBXProject "BeFake." */ = {
			isa = XCConfigurationList;
			buildConfigurations = (
				B067D7372925216A00BE4EC6 /* Debug */,
				B067D7382925216A00BE4EC6 /* Release */,
			);
			defaultConfigurationIsVisible = 0;
			defaultConfigurationName = Release;
		};
		B067D7392925216A00BE4EC6 /* Build configuration list for PBXNativeTarget "BeFake." */ = {
			isa = XCConfigurationList;
			buildConfigurations = (
				B067D73A2925216A00BE4EC6 /* Debug */,
				B067D73B2925216A00BE4EC6 /* Release */,
			);
			defaultConfigurationIsVisible = 0;
			defaultConfigurationName = Release;
		};
		B067D73C2925216A00BE4EC6 /* Build configuration list for PBXNativeTarget "BeFake.Tests" */ = {
			isa = XCConfigurationList;
			buildConfigurations = (
				B067D73D2925216A00BE4EC6 /* Debug */,
				B067D73E2925216A00BE4EC6 /* Release */,
			);
			defaultConfigurationIsVisible = 0;
			defaultConfigurationName = Release;
		};
		B067D73F2925216A00BE4EC6 /* Build configuration list for PBXNativeTarget "BeFake.UITests" */ = {
			isa = XCConfigurationList;
			buildConfigurations = (
				B067D7402925216A00BE4EC6 /* Debug */,
				B067D7412925216A00BE4EC6 /* Release */,
			);
			defaultConfigurationIsVisible = 0;
			defaultConfigurationName = Release;
		};
/* End XCConfigurationList section */
	};
	rootObject = B067D70C2925216900BE4EC6 /* Project object */;
}
